// !$*UTF8*$!
{
	archiveVersion = 1;
	classes = {
	};
	objectVersion = 56;
	objects = {

/* Begin PBXBuildFile section */
		5866221E2C6546590070382A /* quietcoutureApp.swift in Sources */ = {isa = PBXBuildFile; fileRef = 5866221D2C6546590070382A /* quietcoutureApp.swift */; };
		586622202C6546590070382A /* ContentView.swift in Sources */ = {isa = PBXBuildFile; fileRef = 5866221F2C6546590070382A /* ContentView.swift */; };
		586622222C65465A0070382A /* Assets.xcassets in Resources */ = {isa = PBXBuildFile; fileRef = 586622212C65465A0070382A /* Assets.xcassets */; };
		586622262C65465A0070382A /* Preview Assets.xcassets in Resources */ = {isa = PBXBuildFile; fileRef = 586622252C65465A0070382A /* Preview Assets.xcassets */; };
		586622302C65465A0070382A /* quietcoutureTests.swift in Sources */ = {isa = PBXBuildFile; fileRef = 5866222F2C65465A0070382A /* quietcoutureTests.swift */; };
		5866223A2C65465A0070382A /* quietcoutureUITests.swift in Sources */ = {isa = PBXBuildFile; fileRef = 586622392C65465A0070382A /* quietcoutureUITests.swift */; };
		5866223C2C65465A0070382A /* quietcoutureUITestsLaunchTests.swift in Sources */ = {isa = PBXBuildFile; fileRef = 5866223B2C65465A0070382A /* quietcoutureUITestsLaunchTests.swift */; };
/* End PBXBuildFile section */

/* Begin PBXContainerItemProxy section */
		5866222C2C65465A0070382A /* PBXContainerItemProxy */ = {
			isa = PBXContainerItemProxy;
			containerPortal = 586622122C6546590070382A /* Project object */;
			proxyType = 1;
			remoteGlobalIDString = 586622192C6546590070382A;
			remoteInfo = quietcouture;
		};
		586622362C65465A0070382A /* PBXContainerItemProxy */ = {
			isa = PBXContainerItemProxy;
			containerPortal = 586622122C6546590070382A /* Project object */;
			proxyType = 1;
			remoteGlobalIDString = 586622192C6546590070382A;
			remoteInfo = quietcouture;
		};
/* End PBXContainerItemProxy section */

/* Begin PBXFileReference section */
		5866221A2C6546590070382A /* quietcouture.app */ = {isa = PBXFileReference; explicitFileType = wrapper.application; includeInIndex = 0; path = quietcouture.app; sourceTree = BUILT_PRODUCTS_DIR; };
		5866221D2C6546590070382A /* quietcoutureApp.swift */ = {isa = PBXFileReference; lastKnownFileType = sourcecode.swift; path = quietcoutureApp.swift; sourceTree = "<group>"; };
		5866221F2C6546590070382A /* ContentView.swift */ = {isa = PBXFileReference; lastKnownFileType = sourcecode.swift; path = ContentView.swift; sourceTree = "<group>"; };
		586622212C65465A0070382A /* Assets.xcassets */ = {isa = PBXFileReference; lastKnownFileType = folder.assetcatalog; path = Assets.xcassets; sourceTree = "<group>"; };
		586622232C65465A0070382A /* quietcouture.entitlements */ = {isa = PBXFileReference; lastKnownFileType = text.plist.entitlements; path = quietcouture.entitlements; sourceTree = "<group>"; };
		586622252C65465A0070382A /* Preview Assets.xcassets */ = {isa = PBXFileReference; lastKnownFileType = folder.assetcatalog; path = "Preview Assets.xcassets"; sourceTree = "<group>"; };
		5866222B2C65465A0070382A /* quietcoutureTests.xctest */ = {isa = PBXFileReference; explicitFileType = wrapper.cfbundle; includeInIndex = 0; path = quietcoutureTests.xctest; sourceTree = BUILT_PRODUCTS_DIR; };
		5866222F2C65465A0070382A /* quietcoutureTests.swift */ = {isa = PBXFileReference; lastKnownFileType = sourcecode.swift; path = quietcoutureTests.swift; sourceTree = "<group>"; };
		586622352C65465A0070382A /* quietcoutureUITests.xctest */ = {isa = PBXFileReference; explicitFileType = wrapper.cfbundle; includeInIndex = 0; path = quietcoutureUITests.xctest; sourceTree = BUILT_PRODUCTS_DIR; };
		586622392C65465A0070382A /* quietcoutureUITests.swift */ = {isa = PBXFileReference; lastKnownFileType = sourcecode.swift; path = quietcoutureUITests.swift; sourceTree = "<group>"; };
		5866223B2C65465A0070382A /* quietcoutureUITestsLaunchTests.swift */ = {isa = PBXFileReference; lastKnownFileType = sourcecode.swift; path = quietcoutureUITestsLaunchTests.swift; sourceTree = "<group>"; };
/* End PBXFileReference section */

/* Begin PBXFrameworksBuildPhase section */
		586622172C6546590070382A /* Frameworks */ = {
			isa = PBXFrameworksBuildPhase;
			buildActionMask = 2147483647;
			files = (
			);
			runOnlyForDeploymentPostprocessing = 0;
		};
		586622282C65465A0070382A /* Frameworks */ = {
			isa = PBXFrameworksBuildPhase;
			buildActionMask = 2147483647;
			files = (
			);
			runOnlyForDeploymentPostprocessing = 0;
		};
		586622322C65465A0070382A /* Frameworks */ = {
			isa = PBXFrameworksBuildPhase;
			buildActionMask = 2147483647;
			files = (
			);
			runOnlyForDeploymentPostprocessing = 0;
		};
/* End PBXFrameworksBuildPhase section */

/* Begin PBXGroup section */
		586622112C6546590070382A = {
			isa = PBXGroup;
			children = (
				5866221C2C6546590070382A /* quietcouture */,
				5866222E2C65465A0070382A /* quietcoutureTests */,
				586622382C65465A0070382A /* quietcoutureUITests */,
				5866221B2C6546590070382A /* Products */,
			);
			sourceTree = "<group>";
		};
		5866221B2C6546590070382A /* Products */ = {
			isa = PBXGroup;
			children = (
				5866221A2C6546590070382A /* quietcouture.app */,
				5866222B2C65465A0070382A /* quietcoutureTests.xctest */,
				586622352C65465A0070382A /* quietcoutureUITests.xctest */,
			);
			name = Products;
			sourceTree = "<group>";
		};
		5866221C2C6546590070382A /* quietcouture */ = {
			isa = PBXGroup;
			children = (
				5866221D2C6546590070382A /* quietcoutureApp.swift */,
				5866221F2C6546590070382A /* ContentView.swift */,
				586622212C65465A0070382A /* Assets.xcassets */,
				586622232C65465A0070382A /* quietcouture.entitlements */,
				586622242C65465A0070382A /* Preview Content */,
			);
			path = quietcouture;
			sourceTree = "<group>";
		};
		586622242C65465A0070382A /* Preview Content */ = {
			isa = PBXGroup;
			children = (
				586622252C65465A0070382A /* Preview Assets.xcassets */,
			);
			path = "Preview Content";
			sourceTree = "<group>";
		};
		5866222E2C65465A0070382A /* quietcoutureTests */ = {
			isa = PBXGroup;
			children = (
				5866222F2C65465A0070382A /* quietcoutureTests.swift */,
			);
			path = quietcoutureTests;
			sourceTree = "<group>";
		};
		586622382C65465A0070382A /* quietcoutureUITests */ = {
			isa = PBXGroup;
			children = (
				586622392C65465A0070382A /* quietcoutureUITests.swift */,
				5866223B2C65465A0070382A /* quietcoutureUITestsLaunchTests.swift */,
			);
			path = quietcoutureUITests;
			sourceTree = "<group>";
		};
/* End PBXGroup section */

/* Begin PBXNativeTarget section */
		586622192C6546590070382A /* quietcouture */ = {
			isa = PBXNativeTarget;
			buildConfigurationList = 5866223F2C65465A0070382A /* Build configuration list for PBXNativeTarget "quietcouture" */;
			buildPhases = (
				586622162C6546590070382A /* Sources */,
				586622172C6546590070382A /* Frameworks */,
				586622182C6546590070382A /* Resources */,
			);
			buildRules = (
			);
			dependencies = (
			);
			name = quietcouture;
			productName = quietcouture;
			productReference = 5866221A2C6546590070382A /* quietcouture.app */;
			productType = "com.apple.product-type.application";
		};
		5866222A2C65465A0070382A /* quietcoutureTests */ = {
			isa = PBXNativeTarget;
			buildConfigurationList = 586622422C65465A0070382A /* Build configuration list for PBXNativeTarget "quietcoutureTests" */;
			buildPhases = (
				586622272C65465A0070382A /* Sources */,
				586622282C65465A0070382A /* Frameworks */,
				586622292C65465A0070382A /* Resources */,
			);
			buildRules = (
			);
			dependencies = (
				5866222D2C65465A0070382A /* PBXTargetDependency */,
			);
			name = quietcoutureTests;
			productName = quietcoutureTests;
			productReference = 5866222B2C65465A0070382A /* quietcoutureTests.xctest */;
			productType = "com.apple.product-type.bundle.unit-test";
		};
		586622342C65465A0070382A /* quietcoutureUITests */ = {
			isa = PBXNativeTarget;
			buildConfigurationList = 586622452C65465A0070382A /* Build configuration list for PBXNativeTarget "quietcoutureUITests" */;
			buildPhases = (
				586622312C65465A0070382A /* Sources */,
				586622322C65465A0070382A /* Frameworks */,
				586622332C65465A0070382A /* Resources */,
			);
			buildRules = (
			);
			dependencies = (
				586622372C65465A0070382A /* PBXTargetDependency */,
			);
			name = quietcoutureUITests;
			productName = quietcoutureUITests;
			productReference = 586622352C65465A0070382A /* quietcoutureUITests.xctest */;
			productType = "com.apple.product-type.bundle.ui-testing";
		};
/* End PBXNativeTarget section */

/* Begin PBXProject section */
		586622122C6546590070382A /* Project object */ = {
			isa = PBXProject;
			attributes = {
				BuildIndependentTargetsInParallel = 1;
				LastSwiftUpdateCheck = 1540;
				LastUpgradeCheck = 1540;
				TargetAttributes = {
					586622192C6546590070382A = {
						CreatedOnToolsVersion = 15.4;
					};
					5866222A2C65465A0070382A = {
						CreatedOnToolsVersion = 15.4;
						TestTargetID = 586622192C6546590070382A;
					};
					586622342C65465A0070382A = {
						CreatedOnToolsVersion = 15.4;
						TestTargetID = 586622192C6546590070382A;
					};
				};
			};
			buildConfigurationList = 586622152C6546590070382A /* Build configuration list for PBXProject "quietcouture" */;
			compatibilityVersion = "Xcode 14.0";
			developmentRegion = en;
			hasScannedForEncodings = 0;
			knownRegions = (
				en,
				Base,
			);
			mainGroup = 586622112C6546590070382A;
			productRefGroup = 5866221B2C6546590070382A /* Products */;
			projectDirPath = "";
			projectRoot = "";
			targets = (
				586622192C6546590070382A /* quietcouture */,
				5866222A2C65465A0070382A /* quietcoutureTests */,
				586622342C65465A0070382A /* quietcoutureUITests */,
			);
		};
/* End PBXProject section */

/* Begin PBXResourcesBuildPhase section */
		586622182C6546590070382A /* Resources */ = {
			isa = PBXResourcesBuildPhase;
			buildActionMask = 2147483647;
			files = (
				586622262C65465A0070382A /* Preview Assets.xcassets in Resources */,
				586622222C65465A0070382A /* Assets.xcassets in Resources */,
			);
			runOnlyForDeploymentPostprocessing = 0;
		};
		586622292C65465A0070382A /* Resources */ = {
			isa = PBXResourcesBuildPhase;
			buildActionMask = 2147483647;
			files = (
			);
			runOnlyForDeploymentPostprocessing = 0;
		};
		586622332C65465A0070382A /* Resources */ = {
			isa = PBXResourcesBuildPhase;
			buildActionMask = 2147483647;
			files = (
			);
			runOnlyForDeploymentPostprocessing = 0;
		};
/* End PBXResourcesBuildPhase section */

/* Begin PBXSourcesBuildPhase section */
		586622162C6546590070382A /* Sources */ = {
			isa = PBXSourcesBuildPhase;
			buildActionMask = 2147483647;
			files = (
				586622202C6546590070382A /* ContentView.swift in Sources */,
				5866221E2C6546590070382A /* quietcoutureApp.swift in Sources */,
			);
			runOnlyForDeploymentPostprocessing = 0;
		};
		586622272C65465A0070382A /* Sources */ = {
			isa = PBXSourcesBuildPhase;
			buildActionMask = 2147483647;
			files = (
				586622302C65465A0070382A /* quietcoutureTests.swift in Sources */,
			);
			runOnlyForDeploymentPostprocessing = 0;
		};
		586622312C65465A0070382A /* Sources */ = {
			isa = PBXSourcesBuildPhase;
			buildActionMask = 2147483647;
			files = (
				5866223A2C65465A0070382A /* quietcoutureUITests.swift in Sources */,
				5866223C2C65465A0070382A /* quietcoutureUITestsLaunchTests.swift in Sources */,
			);
			runOnlyForDeploymentPostprocessing = 0;
		};
/* End PBXSourcesBuildPhase section */

/* Begin PBXTargetDependency section */
		5866222D2C65465A0070382A /* PBXTargetDependency */ = {
			isa = PBXTargetDependency;
			target = 586622192C6546590070382A /* quietcouture */;
			targetProxy = 5866222C2C65465A0070382A /* PBXContainerItemProxy */;
		};
		586622372C65465A0070382A /* PBXTargetDependency */ = {
			isa = PBXTargetDependency;
			target = 586622192C6546590070382A /* quietcouture */;
			targetProxy = 586622362C65465A0070382A /* PBXContainerItemProxy */;
		};
/* End PBXTargetDependency section */

/* Begin XCBuildConfiguration section */
		5866223D2C65465A0070382A /* Debug */ = {
			isa = XCBuildConfiguration;
			buildSettings = {
				ALWAYS_SEARCH_USER_PATHS = NO;
				ASSETCATALOG_COMPILER_GENERATE_SWIFT_ASSET_SYMBOL_EXTENSIONS = YES;
				CLANG_ANALYZER_NONNULL = YES;
				CLANG_ANALYZER_NUMBER_OBJECT_CONVERSION = YES_AGGRESSIVE;
				CLANG_CXX_LANGUAGE_STANDARD = "gnu++20";
				CLANG_ENABLE_MODULES = YES;
				CLANG_ENABLE_OBJC_ARC = YES;
				CLANG_ENABLE_OBJC_WEAK = YES;
				CLANG_WARN_BLOCK_CAPTURE_AUTORELEASING = YES;
				CLANG_WARN_BOOL_CONVERSION = YES;
				CLANG_WARN_COMMA = YES;
				CLANG_WARN_CONSTANT_CONVERSION = YES;
				CLANG_WARN_DEPRECATED_OBJC_IMPLEMENTATIONS = YES;
				CLANG_WARN_DIRECT_OBJC_ISA_USAGE = YES_ERROR;
				CLANG_WARN_DOCUMENTATION_COMMENTS = YES;
				CLANG_WARN_EMPTY_BODY = YES;
				CLANG_WARN_ENUM_CONVERSION = YES;
				CLANG_WARN_INFINITE_RECURSION = YES;
				CLANG_WARN_INT_CONVERSION = YES;
				CLANG_WARN_NON_LITERAL_NULL_CONVERSION = YES;
				CLANG_WARN_OBJC_IMPLICIT_RETAIN_SELF = YES;
				CLANG_WARN_OBJC_LITERAL_CONVERSION = YES;
				CLANG_WARN_OBJC_ROOT_CLASS = YES_ERROR;
				CLANG_WARN_QUOTED_INCLUDE_IN_FRAMEWORK_HEADER = YES;
				CLANG_WARN_RANGE_LOOP_ANALYSIS = YES;
				CLANG_WARN_STRICT_PROTOTYPES = YES;
				CLANG_WARN_SUSPICIOUS_MOVE = YES;
				CLANG_WARN_UNGUARDED_AVAILABILITY = YES_AGGRESSIVE;
				CLANG_WARN_UNREACHABLE_CODE = YES;
				CLANG_WARN__DUPLICATE_METHOD_MATCH = YES;
				COPY_PHASE_STRIP = NO;
				DEBUG_INFORMATION_FORMAT = dwarf;
				ENABLE_STRICT_OBJC_MSGSEND = YES;
				ENABLE_TESTABILITY = YES;
				ENABLE_USER_SCRIPT_SANDBOXING = YES;
				GCC_C_LANGUAGE_STANDARD = gnu17;
				GCC_DYNAMIC_NO_PIC = NO;
				GCC_NO_COMMON_BLOCKS = YES;
				GCC_OPTIMIZATION_LEVEL = 0;
				GCC_PREPROCESSOR_DEFINITIONS = (
					"DEBUG=1",
					"$(inherited)",
				);
				GCC_WARN_64_TO_32_BIT_CONVERSION = YES;
				GCC_WARN_ABOUT_RETURN_TYPE = YES_ERROR;
				GCC_WARN_UNDECLARED_SELECTOR = YES;
				GCC_WARN_UNINITIALIZED_AUTOS = YES_AGGRESSIVE;
				GCC_WARN_UNUSED_FUNCTION = YES;
				GCC_WARN_UNUSED_VARIABLE = YES;
				LOCALIZATION_PREFERS_STRING_CATALOGS = YES;
				MTL_ENABLE_DEBUG_INFO = INCLUDE_SOURCE;
				MTL_FAST_MATH = YES;
				ONLY_ACTIVE_ARCH = YES;
				SWIFT_ACTIVE_COMPILATION_CONDITIONS = "DEBUG $(inherited)";
				SWIFT_OPTIMIZATION_LEVEL = "-Onone";
			};
			name = Debug;
		};
		5866223E2C65465A0070382A /* Release */ = {
			isa = XCBuildConfiguration;
			buildSettings = {
				ALWAYS_SEARCH_USER_PATHS = NO;
				ASSETCATALOG_COMPILER_GENERATE_SWIFT_ASSET_SYMBOL_EXTENSIONS = YES;
				CLANG_ANALYZER_NONNULL = YES;
				CLANG_ANALYZER_NUMBER_OBJECT_CONVERSION = YES_AGGRESSIVE;
				CLANG_CXX_LANGUAGE_STANDARD = "gnu++20";
				CLANG_ENABLE_MODULES = YES;
				CLANG_ENABLE_OBJC_ARC = YES;
				CLANG_ENABLE_OBJC_WEAK = YES;
				CLANG_WARN_BLOCK_CAPTURE_AUTORELEASING = YES;
				CLANG_WARN_BOOL_CONVERSION = YES;
				CLANG_WARN_COMMA = YES;
				CLANG_WARN_CONSTANT_CONVERSION = YES;
				CLANG_WARN_DEPRECATED_OBJC_IMPLEMENTATIONS = YES;
				CLANG_WARN_DIRECT_OBJC_ISA_USAGE = YES_ERROR;
				CLANG_WARN_DOCUMENTATION_COMMENTS = YES;
				CLANG_WARN_EMPTY_BODY = YES;
				CLANG_WARN_ENUM_CONVERSION = YES;
				CLANG_WARN_INFINITE_RECURSION = YES;
				CLANG_WARN_INT_CONVERSION = YES;
				CLANG_WARN_NON_LITERAL_NULL_CONVERSION = YES;
				CLANG_WARN_OBJC_IMPLICIT_RETAIN_SELF = YES;
				CLANG_WARN_OBJC_LITERAL_CONVERSION = YES;
				CLANG_WARN_OBJC_ROOT_CLASS = YES_ERROR;
				CLANG_WARN_QUOTED_INCLUDE_IN_FRAMEWORK_HEADER = YES;
				CLANG_WARN_RANGE_LOOP_ANALYSIS = YES;
				CLANG_WARN_STRICT_PROTOTYPES = YES;
				CLANG_WARN_SUSPICIOUS_MOVE = YES;
				CLANG_WARN_UNGUARDED_AVAILABILITY = YES_AGGRESSIVE;
				CLANG_WARN_UNREACHABLE_CODE = YES;
				CLANG_WARN__DUPLICATE_METHOD_MATCH = YES;
				COPY_PHASE_STRIP = NO;
				DEBUG_INFORMATION_FORMAT = "dwarf-with-dsym";
				ENABLE_NS_ASSERTIONS = NO;
				ENABLE_STRICT_OBJC_MSGSEND = YES;
				ENABLE_USER_SCRIPT_SANDBOXING = YES;
				GCC_C_LANGUAGE_STANDARD = gnu17;
				GCC_NO_COMMON_BLOCKS = YES;
				GCC_WARN_64_TO_32_BIT_CONVERSION = YES;
				GCC_WARN_ABOUT_RETURN_TYPE = YES_ERROR;
				GCC_WARN_UNDECLARED_SELECTOR = YES;
				GCC_WARN_UNINITIALIZED_AUTOS = YES_AGGRESSIVE;
				GCC_WARN_UNUSED_FUNCTION = YES;
				GCC_WARN_UNUSED_VARIABLE = YES;
				LOCALIZATION_PREFERS_STRING_CATALOGS = YES;
				MTL_ENABLE_DEBUG_INFO = NO;
				MTL_FAST_MATH = YES;
				SWIFT_COMPILATION_MODE = wholemodule;
			};
			name = Release;
		};
		586622402C65465A0070382A /* Debug */ = {
			isa = XCBuildConfiguration;
			buildSettings = {
				ASSETCATALOG_COMPILER_APPICON_NAME = AppIcon;
				ASSETCATALOG_COMPILER_GLOBAL_ACCENT_COLOR_NAME = AccentColor;
				CODE_SIGN_ENTITLEMENTS = quietcouture/quietcouture.entitlements;
				CODE_SIGN_STYLE = Automatic;
				CURRENT_PROJECT_VERSION = 1;
				DEVELOPMENT_ASSET_PATHS = "\"quietcouture/Preview Content\"";
				DEVELOPMENT_TEAM = R7Q4H8Y9MF;
				ENABLE_HARDENED_RUNTIME = YES;
				ENABLE_PREVIEWS = YES;
				GENERATE_INFOPLIST_FILE = YES;
				"INFOPLIST_KEY_UIApplicationSceneManifest_Generation[sdk=iphoneos*]" = YES;
				"INFOPLIST_KEY_UIApplicationSceneManifest_Generation[sdk=iphonesimulator*]" = YES;
				"INFOPLIST_KEY_UIApplicationSupportsIndirectInputEvents[sdk=iphoneos*]" = YES;
				"INFOPLIST_KEY_UIApplicationSupportsIndirectInputEvents[sdk=iphonesimulator*]" = YES;
				"INFOPLIST_KEY_UILaunchScreen_Generation[sdk=iphoneos*]" = YES;
				"INFOPLIST_KEY_UILaunchScreen_Generation[sdk=iphonesimulator*]" = YES;
				"INFOPLIST_KEY_UIStatusBarStyle[sdk=iphoneos*]" = UIStatusBarStyleDefault;
				"INFOPLIST_KEY_UIStatusBarStyle[sdk=iphonesimulator*]" = UIStatusBarStyleDefault;
				INFOPLIST_KEY_UISupportedInterfaceOrientations_iPad = "UIInterfaceOrientationPortrait UIInterfaceOrientationPortraitUpsideDown UIInterfaceOrientationLandscapeLeft UIInterfaceOrientationLandscapeRight";
				INFOPLIST_KEY_UISupportedInterfaceOrientations_iPhone = "UIInterfaceOrientationPortrait UIInterfaceOrientationLandscapeLeft UIInterfaceOrientationLandscapeRight";
				IPHONEOS_DEPLOYMENT_TARGET = 17.5;
				LD_RUNPATH_SEARCH_PATHS = "@executable_path/Frameworks";
				"LD_RUNPATH_SEARCH_PATHS[sdk=macosx*]" = "@executable_path/../Frameworks";
				MACOSX_DEPLOYMENT_TARGET = 14.5;
				MARKETING_VERSION = 1.0;
				PRODUCT_BUNDLE_IDENTIFIER = desirelovell.quietcouture;
				PRODUCT_NAME = "$(TARGET_NAME)";
				SDKROOT = auto;
				SUPPORTED_PLATFORMS = "iphoneos iphonesimulator macosx";
				SWIFT_EMIT_LOC_STRINGS = YES;
				SWIFT_VERSION = 5.0;
				TARGETED_DEVICE_FAMILY = "1,2";
			};
			name = Debug;
		};
		586622412C65465A0070382A /* Release */ = {
			isa = XCBuildConfiguration;
			buildSettings = {
				ASSETCATALOG_COMPILER_APPICON_NAME = AppIcon;
				ASSETCATALOG_COMPILER_GLOBAL_ACCENT_COLOR_NAME = AccentColor;
				CODE_SIGN_ENTITLEMENTS = quietcouture/quietcouture.entitlements;
				CODE_SIGN_STYLE = Automatic;
				CURRENT_PROJECT_VERSION = 1;
				DEVELOPMENT_ASSET_PATHS = "\"quietcouture/Preview Content\"";
				DEVELOPMENT_TEAM = R7Q4H8Y9MF;
				ENABLE_HARDENED_RUNTIME = YES;
				ENABLE_PREVIEWS = YES;
				GENERATE_INFOPLIST_FILE = YES;
				"INFOPLIST_KEY_UIApplicationSceneManifest_Generation[sdk=iphoneos*]" = YES;
				"INFOPLIST_KEY_UIApplicationSceneManifest_Generation[sdk=iphonesimulator*]" = YES;
				"INFOPLIST_KEY_UIApplicationSupportsIndirectInputEvents[sdk=iphoneos*]" = YES;
				"INFOPLIST_KEY_UIApplicationSupportsIndirectInputEvents[sdk=iphonesimulator*]" = YES;
				"INFOPLIST_KEY_UILaunchScreen_Generation[sdk=iphoneos*]" = YES;
				"INFOPLIST_KEY_UILaunchScreen_Generation[sdk=iphonesimulator*]" = YES;
				"INFOPLIST_KEY_UIStatusBarStyle[sdk=iphoneos*]" = UIStatusBarStyleDefault;
				"INFOPLIST_KEY_UIStatusBarStyle[sdk=iphonesimulator*]" = UIStatusBarStyleDefault;
				INFOPLIST_KEY_UISupportedInterfaceOrientations_iPad = "UIInterfaceOrientationPortrait UIInterfaceOrientationPortraitUpsideDown UIInterfaceOrientationLandscapeLeft UIInterfaceOrientationLandscapeRight";
				INFOPLIST_KEY_UISupportedInterfaceOrientations_iPhone = "UIInterfaceOrientationPortrait UIInterfaceOrientationLandscapeLeft UIInterfaceOrientationLandscapeRight";
				IPHONEOS_DEPLOYMENT_TARGET = 17.5;
				LD_RUNPATH_SEARCH_PATHS = "@executable_path/Frameworks";
				"LD_RUNPATH_SEARCH_PATHS[sdk=macosx*]" = "@executable_path/../Frameworks";
				MACOSX_DEPLOYMENT_TARGET = 14.5;
				MARKETING_VERSION = 1.0;
				PRODUCT_BUNDLE_IDENTIFIER = desirelovell.quietcouture;
				PRODUCT_NAME = "$(TARGET_NAME)";
				SDKROOT = auto;
				SUPPORTED_PLATFORMS = "iphoneos iphonesimulator macosx";
				SWIFT_EMIT_LOC_STRINGS = YES;
				SWIFT_VERSION = 5.0;
				TARGETED_DEVICE_FAMILY = "1,2";
			};
			name = Release;
		};
		586622432C65465A0070382A /* Debug */ = {
			isa = XCBuildConfiguration;
			buildSettings = {
				ALWAYS_EMBED_SWIFT_STANDARD_LIBRARIES = YES;
				BUNDLE_LOADER = "$(TEST_HOST)";
				CODE_SIGN_STYLE = Automatic;
				CURRENT_PROJECT_VERSION = 1;
				DEVELOPMENT_TEAM = R7Q4H8Y9MF;
				GENERATE_INFOPLIST_FILE = YES;
				IPHONEOS_DEPLOYMENT_TARGET = 17.5;
				MACOSX_DEPLOYMENT_TARGET = 14.5;
				MARKETING_VERSION = 1.0;
				PRODUCT_BUNDLE_IDENTIFIER = desirelovell.quietcoutureTests;
				PRODUCT_NAME = "$(TARGET_NAME)";
				SDKROOT = auto;
				SUPPORTED_PLATFORMS = "iphoneos iphonesimulator macosx";
				SWIFT_EMIT_LOC_STRINGS = NO;
				SWIFT_VERSION = 5.0;
				TARGETED_DEVICE_FAMILY = "1,2";
				TEST_HOST = "$(BUILT_PRODUCTS_DIR)/quietcouture.app/$(BUNDLE_EXECUTABLE_FOLDER_PATH)/quietcouture";
			};
			name = Debug;
		};
		586622442C65465A0070382A /* Release */ = {
			isa = XCBuildConfiguration;
			buildSettings = {
				ALWAYS_EMBED_SWIFT_STANDARD_LIBRARIES = YES;
				BUNDLE_LOADER = "$(TEST_HOST)";
				CODE_SIGN_STYLE = Automatic;
				CURRENT_PROJECT_VERSION = 1;
				DEVELOPMENT_TEAM = R7Q4H8Y9MF;
				GENERATE_INFOPLIST_FILE = YES;
				IPHONEOS_DEPLOYMENT_TARGET = 17.5;
				MACOSX_DEPLOYMENT_TARGET = 14.5;
				MARKETING_VERSION = 1.0;
				PRODUCT_BUNDLE_IDENTIFIER = desirelovell.quietcoutureTests;
				PRODUCT_NAME = "$(TARGET_NAME)";
				SDKROOT = auto;
				SUPPORTED_PLATFORMS = "iphoneos iphonesimulator macosx";
				SWIFT_EMIT_LOC_STRINGS = NO;
				SWIFT_VERSION = 5.0;
				TARGETED_DEVICE_FAMILY = "1,2";
				TEST_HOST = "$(BUILT_PRODUCTS_DIR)/quietcouture.app/$(BUNDLE_EXECUTABLE_FOLDER_PATH)/quietcouture";
			};
			name = Release;
		};
		586622462C65465A0070382A /* Debug */ = {
			isa = XCBuildConfiguration;
			buildSettings = {
				ALWAYS_EMBED_SWIFT_STANDARD_LIBRARIES = YES;
				CODE_SIGN_STYLE = Automatic;
				CURRENT_PROJECT_VERSION = 1;
				DEVELOPMENT_TEAM = R7Q4H8Y9MF;
				GENERATE_INFOPLIST_FILE = YES;
				IPHONEOS_DEPLOYMENT_TARGET = 17.5;
				MACOSX_DEPLOYMENT_TARGET = 14.5;
				MARKETING_VERSION = 1.0;
				PRODUCT_BUNDLE_IDENTIFIER = desirelovell.quietcoutureUITests;
				PRODUCT_NAME = "$(TARGET_NAME)";
				SDKROOT = auto;
				SUPPORTED_PLATFORMS = "iphoneos iphonesimulator macosx";
				SWIFT_EMIT_LOC_STRINGS = NO;
				SWIFT_VERSION = 5.0;
				TARGETED_DEVICE_FAMILY = "1,2";
				TEST_TARGET_NAME = quietcouture;
			};
			name = Debug;
		};
		586622472C65465A0070382A /* Release */ = {
			isa = XCBuildConfiguration;
			buildSettings = {
				ALWAYS_EMBED_SWIFT_STANDARD_LIBRARIES = YES;
				CODE_SIGN_STYLE = Automatic;
				CURRENT_PROJECT_VERSION = 1;
				DEVELOPMENT_TEAM = R7Q4H8Y9MF;
				GENERATE_INFOPLIST_FILE = YES;
				IPHONEOS_DEPLOYMENT_TARGET = 17.5;
				MACOSX_DEPLOYMENT_TARGET = 14.5;
				MARKETING_VERSION = 1.0;
				PRODUCT_BUNDLE_IDENTIFIER = desirelovell.quietcoutureUITests;
				PRODUCT_NAME = "$(TARGET_NAME)";
				SDKROOT = auto;
				SUPPORTED_PLATFORMS = "iphoneos iphonesimulator macosx";
				SWIFT_EMIT_LOC_STRINGS = NO;
				SWIFT_VERSION = 5.0;
				TARGETED_DEVICE_FAMILY = "1,2";
				TEST_TARGET_NAME = quietcouture;
			};
			name = Release;
		};
/* End XCBuildConfiguration section */

/* Begin XCConfigurationList section */
		586622152C6546590070382A /* Build configuration list for PBXProject "quietcouture" */ = {
			isa = XCConfigurationList;
			buildConfigurations = (
				5866223D2C65465A0070382A /* Debug */,
				5866223E2C65465A0070382A /* Release */,
			);
			defaultConfigurationIsVisible = 0;
			defaultConfigurationName = Release;
		};
		5866223F2C65465A0070382A /* Build configuration list for PBXNativeTarget "quietcouture" */ = {
			isa = XCConfigurationList;
			buildConfigurations = (
				586622402C65465A0070382A /* Debug */,
				586622412C65465A0070382A /* Release */,
			);
			defaultConfigurationIsVisible = 0;
			defaultConfigurationName = Release;
		};
		586622422C65465A0070382A /* Build configuration list for PBXNativeTarget "quietcoutureTests" */ = {
			isa = XCConfigurationList;
			buildConfigurations = (
				586622432C65465A0070382A /* Debug */,
				586622442C65465A0070382A /* Release */,
			);
			defaultConfigurationIsVisible = 0;
			defaultConfigurationName = Release;
		};
		586622452C65465A0070382A /* Build configuration list for PBXNativeTarget "quietcoutureUITests" */ = {
			isa = XCConfigurationList;
			buildConfigurations = (
				586622462C65465A0070382A /* Debug */,
				586622472C65465A0070382A /* Release */,
			);
			defaultConfigurationIsVisible = 0;
			defaultConfigurationName = Release;
		};
/* End XCConfigurationList section */
	};
	rootObject = 586622122C6546590070382A /* Project object */;
}
